{
  "nodes": {
    "home-manager": {
      "inputs": {
        "nixpkgs": [
          "nixpkgs"
        ]
      },
      "locked": {
        "lastModified": 1702195668,
        "narHash": "sha256-Lxmjez0nfNBptdqV5GsXKm7Bb7swjGsrxiLxWJu0tL8=",
        "owner": "nix-community",
        "repo": "home-manager",
        "rev": "33110fb3c7fe6a94b98b641866a5eddb64b7c23f",
        "type": "github"
      },
      "original": {
        "owner": "nix-community",
        "ref": "release-23.05",
        "repo": "home-manager",
        "type": "github"
      }
    },
    "nixpkgs": {
      "locked": {
        "lastModified": 1699291058,
        "narHash": "sha256-5ggduoaAMPHUy4riL+OrlAZE14Kh7JWX4oLEs22ZqfU=",
        "owner": "NixOS",
        "repo": "nixpkgs",
        "rev": "41de143fda10e33be0f47eab2bfe08a50f234267",
        "type": "github"
      },
      "original": {
        "id": "nixpkgs",
        "ref": "nixos-23.05",
        "type": "indirect"
      }
    },
    "root": {
      "inputs": {
        "home-manager": "home-manager",
        "nixpkgs": "nixpkgs"
      }
    }
  },
  "root": "root",
  "version": 7
}
